
Microsoft Visual Studio Solution File, Format Version 12.00
# Visual Studio Version 17
VisualStudioVersion = 17.14.36221.1
MinimumVisualStudioVersion = 10.0.40219.1
Project("{FAE04EC0-301F-11D3-BF4B-00C04F79EFBC}") = "BookStore.API", "BookStore.API\BookStore.API.csproj", "{B9BBAB43-B8FB-445E-92E6-481A0471284D}"
EndProject
Project("{FAE04EC0-301F-11D3-BF4B-00C04F79EFBC}") = "BookStore.Core", "BookStore.Core\BookStore.Core.csproj", "{35894AA4-723B-4F81-8E37-DAB129A4C767}"
EndProject
Project("{FAE04EC0-301F-11D3-BF4B-00C04F79EFBC}") = "BookStore.Infrastructure", "BookStore.Infrastructure\BookStore.Infrastructure.csproj", "{1B637AFA-821F-45DD-B253-5F9FB77B126B}"
EndProject
Global
	GlobalSection(SolutionConfigurationPlatforms) = preSolution
		Debug|Any CPU = Debug|Any CPU
		Release|Any CPU = Release|Any CPU
	EndGlobalSection
	GlobalSection(ProjectConfigurationPlatforms) = postSolution
		{B9BBAB43-B8FB-445E-92E6-481A0471284D}.Debug|Any CPU.ActiveCfg = Debug|Any CPU
		{B9BBAB43-B8FB-445E-92E6-481A0471284D}.Debug|Any CPU.Build.0 = Debug|Any CPU
		{B9BBAB43-B8FB-445E-92E6-481A0471284D}.Release|Any CPU.ActiveCfg = Release|Any CPU
		{B9BBAB43-B8FB-445E-92E6-481A0471284D}.Release|Any CPU.Build.0 = Release|Any CPU
		{35894AA4-723B-4F81-8E37-DAB129A4C767}.Debug|Any CPU.ActiveCfg = Debug|Any CPU
		{35894AA4-723B-4F81-8E37-DAB129A4C767}.Debug|Any CPU.Build.0 = Debug|Any CPU
		{35894AA4-723B-4F81-8E37-DAB129A4C767}.Release|Any CPU.ActiveCfg = Release|Any CPU
		{35894AA4-723B-4F81-8E37-DAB129A4C767}.Release|Any CPU.Build.0 = Release|Any CPU
		{1B637AFA-821F-45DD-B253-5F9FB77B126B}.Debug|Any CPU.ActiveCfg = Debug|Any CPU
		{1B637AFA-821F-45DD-B253-5F9FB77B126B}.Debug|Any CPU.Build.0 = Debug|Any CPU
		{1B637AFA-821F-45DD-B253-5F9FB77B126B}.Release|Any CPU.ActiveCfg = Release|Any CPU
		{1B637AFA-821F-45DD-B253-5F9FB77B126B}.Release|Any CPU.Build.0 = Release|Any CPU
	EndGlobalSection
	GlobalSection(SolutionProperties) = preSolution
		HideSolutionNode = FALSE
	EndGlobalSection
	GlobalSection(ExtensibilityGlobals) = postSolution
		SolutionGuid = {61134D98-D649-47FF-8540-A1E5CF3E75CB}
	EndGlobalSection
EndGlobal
